// !$*UTF8*$!
{
	archiveVersion = 1;
	classes = {
	};
	objectVersion = 55;
	objects = {

/* Begin PBXBuildFile section */
		8400ECB327840A4E000C2ABE /* Extentions.swift in Sources */ = {isa = PBXBuildFile; fileRef = 8400ECB227840A4E000C2ABE /* Extentions.swift */; };
		8400ECB8278741FD000C2ABE /* TextFieldCustom.swift in Sources */ = {isa = PBXBuildFile; fileRef = 8400ECB7278741FD000C2ABE /* TextFieldCustom.swift */; };
		8400ECBA2787B3A4000C2ABE /* GoogleService-Info.plist in Resources */ = {isa = PBXBuildFile; fileRef = 8400ECB92787B3A4000C2ABE /* GoogleService-Info.plist */; };
		8400ECBC2788AA7E000C2ABE /* DatabaseManager.swift in Sources */ = {isa = PBXBuildFile; fileRef = 8400ECBB2788AA7E000C2ABE /* DatabaseManager.swift */; };
		8400ECBE278DDB6D000C2ABE /* ChatViewController.swift in Sources */ = {isa = PBXBuildFile; fileRef = 8400ECBD278DDB6D000C2ABE /* ChatViewController.swift */; };
		8400ECC0278F3A28000C2ABE /* StorageManager.swift in Sources */ = {isa = PBXBuildFile; fileRef = 8400ECBF278F3A28000C2ABE /* StorageManager.swift */; };
		84A7CDC327820F94008A1A21 /* AppDelegate.swift in Sources */ = {isa = PBXBuildFile; fileRef = 84A7CDC227820F94008A1A21 /* AppDelegate.swift */; };
		84A7CDC527820F94008A1A21 /* SceneDelegate.swift in Sources */ = {isa = PBXBuildFile; fileRef = 84A7CDC427820F94008A1A21 /* SceneDelegate.swift */; };
		84A7CDC727820F94008A1A21 /* ConversationsViewController.swift in Sources */ = {isa = PBXBuildFile; fileRef = 84A7CDC627820F94008A1A21 /* ConversationsViewController.swift */; };
		84A7CDCA27820F94008A1A21 /* Main.storyboard in Resources */ = {isa = PBXBuildFile; fileRef = 84A7CDC827820F94008A1A21 /* Main.storyboard */; };
		84A7CDCC27820F97008A1A21 /* Assets.xcassets in Resources */ = {isa = PBXBuildFile; fileRef = 84A7CDCB27820F97008A1A21 /* Assets.xcassets */; };
		84A7CDCF27820F97008A1A21 /* LaunchScreen.storyboard in Resources */ = {isa = PBXBuildFile; fileRef = 84A7CDCD27820F97008A1A21 /* LaunchScreen.storyboard */; };
		84A7CDDB2782140F008A1A21 /* LoginViewController.swift in Sources */ = {isa = PBXBuildFile; fileRef = 84A7CDDA2782140F008A1A21 /* LoginViewController.swift */; };
		84A7CDDD27821428008A1A21 /* RegisterViewController.swift in Sources */ = {isa = PBXBuildFile; fileRef = 84A7CDDC27821428008A1A21 /* RegisterViewController.swift */; };
		84A7CDDF27821442008A1A21 /* PhotoViewerViewController.swift in Sources */ = {isa = PBXBuildFile; fileRef = 84A7CDDE27821442008A1A21 /* PhotoViewerViewController.swift */; };
		84A7CDE12782144F008A1A21 /* VideoPlayerViewController.swift in Sources */ = {isa = PBXBuildFile; fileRef = 84A7CDE02782144F008A1A21 /* VideoPlayerViewController.swift */; };
		84A7CDE327821473008A1A21 /* NewConversationViewController.swift in Sources */ = {isa = PBXBuildFile; fileRef = 84A7CDE227821473008A1A21 /* NewConversationViewController.swift */; };
		84A7CDE52782147F008A1A21 /* ProfileViewController.swift in Sources */ = {isa = PBXBuildFile; fileRef = 84A7CDE42782147F008A1A21 /* ProfileViewController.swift */; };
		C67DB292F050604FC0018C4A /* Pods_Messanger.framework in Frameworks */ = {isa = PBXBuildFile; fileRef = 454B7696F40EDB584CCE9508 /* Pods_Messanger.framework */; };
/* End PBXBuildFile section */

/* Begin PBXFileReference section */
		454B7696F40EDB584CCE9508 /* Pods_Messanger.framework */ = {isa = PBXFileReference; explicitFileType = wrapper.framework; includeInIndex = 0; path = Pods_Messanger.framework; sourceTree = BUILT_PRODUCTS_DIR; };
		6F3F6E3C32442510C38237AD /* Pods-Messanger.debug.xcconfig */ = {isa = PBXFileReference; includeInIndex = 1; lastKnownFileType = text.xcconfig; name = "Pods-Messanger.debug.xcconfig"; path = "Target Support Files/Pods-Messanger/Pods-Messanger.debug.xcconfig"; sourceTree = "<group>"; };
		81E095BB67541F8D43755979 /* Pods-Messanger.release.xcconfig */ = {isa = PBXFileReference; includeInIndex = 1; lastKnownFileType = text.xcconfig; name = "Pods-Messanger.release.xcconfig"; path = "Target Support Files/Pods-Messanger/Pods-Messanger.release.xcconfig"; sourceTree = "<group>"; };
		8400ECB227840A4E000C2ABE /* Extentions.swift */ = {isa = PBXFileReference; lastKnownFileType = sourcecode.swift; path = Extentions.swift; sourceTree = "<group>"; };
		8400ECB7278741FD000C2ABE /* TextFieldCustom.swift */ = {isa = PBXFileReference; lastKnownFileType = sourcecode.swift; path = TextFieldCustom.swift; sourceTree = "<group>"; };
		8400ECB92787B3A4000C2ABE /* GoogleService-Info.plist */ = {isa = PBXFileReference; fileEncoding = 4; lastKnownFileType = text.plist.xml; path = "GoogleService-Info.plist"; sourceTree = "<group>"; };
		8400ECBB2788AA7E000C2ABE /* DatabaseManager.swift */ = {isa = PBXFileReference; lastKnownFileType = sourcecode.swift; path = DatabaseManager.swift; sourceTree = "<group>"; };
		8400ECBD278DDB6D000C2ABE /* ChatViewController.swift */ = {isa = PBXFileReference; lastKnownFileType = sourcecode.swift; path = ChatViewController.swift; sourceTree = "<group>"; };
		8400ECBF278F3A28000C2ABE /* StorageManager.swift */ = {isa = PBXFileReference; lastKnownFileType = sourcecode.swift; path = StorageManager.swift; sourceTree = "<group>"; };
		84A7CDBF27820F94008A1A21 /* Messanger.app */ = {isa = PBXFileReference; explicitFileType = wrapper.application; includeInIndex = 0; path = Messanger.app; sourceTree = BUILT_PRODUCTS_DIR; };
		84A7CDC227820F94008A1A21 /* AppDelegate.swift */ = {isa = PBXFileReference; lastKnownFileType = sourcecode.swift; path = AppDelegate.swift; sourceTree = "<group>"; };
		84A7CDC427820F94008A1A21 /* SceneDelegate.swift */ = {isa = PBXFileReference; lastKnownFileType = sourcecode.swift; path = SceneDelegate.swift; sourceTree = "<group>"; };
		84A7CDC627820F94008A1A21 /* ConversationsViewController.swift */ = {isa = PBXFileReference; lastKnownFileType = sourcecode.swift; path = ConversationsViewController.swift; sourceTree = "<group>"; };
		84A7CDC927820F94008A1A21 /* Base */ = {isa = PBXFileReference; lastKnownFileType = file.storyboard; name = Base; path = Base.lproj/Main.storyboard; sourceTree = "<group>"; };
		84A7CDCB27820F97008A1A21 /* Assets.xcassets */ = {isa = PBXFileReference; lastKnownFileType = folder.assetcatalog; path = Assets.xcassets; sourceTree = "<group>"; };
		84A7CDCE27820F97008A1A21 /* Base */ = {isa = PBXFileReference; lastKnownFileType = file.storyboard; name = Base; path = Base.lproj/LaunchScreen.storyboard; sourceTree = "<group>"; };
		84A7CDD027820F97008A1A21 /* Info.plist */ = {isa = PBXFileReference; lastKnownFileType = text.plist.xml; path = Info.plist; sourceTree = "<group>"; };
		84A7CDDA2782140F008A1A21 /* LoginViewController.swift */ = {isa = PBXFileReference; lastKnownFileType = sourcecode.swift; path = LoginViewController.swift; sourceTree = "<group>"; };
		84A7CDDC27821428008A1A21 /* RegisterViewController.swift */ = {isa = PBXFileReference; lastKnownFileType = sourcecode.swift; path = RegisterViewController.swift; sourceTree = "<group>"; };
		84A7CDDE27821442008A1A21 /* PhotoViewerViewController.swift */ = {isa = PBXFileReference; lastKnownFileType = sourcecode.swift; path = PhotoViewerViewController.swift; sourceTree = "<group>"; };
		84A7CDE02782144F008A1A21 /* VideoPlayerViewController.swift */ = {isa = PBXFileReference; lastKnownFileType = sourcecode.swift; path = VideoPlayerViewController.swift; sourceTree = "<group>"; };
		84A7CDE227821473008A1A21 /* NewConversationViewController.swift */ = {isa = PBXFileReference; lastKnownFileType = sourcecode.swift; path = NewConversationViewController.swift; sourceTree = "<group>"; };
		84A7CDE42782147F008A1A21 /* ProfileViewController.swift */ = {isa = PBXFileReference; lastKnownFileType = sourcecode.swift; path = ProfileViewController.swift; sourceTree = "<group>"; };
/* End PBXFileReference section */

/* Begin PBXFrameworksBuildPhase section */
		84A7CDBC27820F94008A1A21 /* Frameworks */ = {
			isa = PBXFrameworksBuildPhase;
			buildActionMask = 2147483647;
			files = (
				C67DB292F050604FC0018C4A /* Pods_Messanger.framework in Frameworks */,
			);
			runOnlyForDeploymentPostprocessing = 0;
		};
/* End PBXFrameworksBuildPhase section */

/* Begin PBXGroup section */
		8400ECB4278562B4000C2ABE /* Subclasses */ = {
			isa = PBXGroup;
			children = (
				8400ECB7278741FD000C2ABE /* TextFieldCustom.swift */,
			);
			path = Subclasses;
			sourceTree = "<group>";
		};
		84A7CDB627820F94008A1A21 = {
			isa = PBXGroup;
			children = (
				84A7CDC127820F94008A1A21 /* Messanger */,
				84A7CDC027820F94008A1A21 /* Products */,
				BB17538A3F28937C7530CBD0 /* Pods */,
				B83949E47109EE5969ACB135 /* Frameworks */,
			);
			sourceTree = "<group>";
		};
		84A7CDC027820F94008A1A21 /* Products */ = {
			isa = PBXGroup;
			children = (
				84A7CDBF27820F94008A1A21 /* Messanger.app */,
			);
			name = Products;
			sourceTree = "<group>";
		};
		84A7CDC127820F94008A1A21 /* Messanger */ = {
			isa = PBXGroup;
			children = (
				8400ECB92787B3A4000C2ABE /* GoogleService-Info.plist */,
				84A7CDD927821083008A1A21 /* Resources */,
				84A7CDD827821057008A1A21 /* Controllers */,
				84A7CDD627820FC4008A1A21 /* Views */,
				84A7CDD027820F97008A1A21 /* Info.plist */,
			);
			path = Messanger;
			sourceTree = "<group>";
		};
		84A7CDD627820FC4008A1A21 /* Views */ = {
			isa = PBXGroup;
			children = (
				84A7CDCB27820F97008A1A21 /* Assets.xcassets */,
				84A7CDD727820FCE008A1A21 /* Storyboards */,
			);
			path = Views;
			sourceTree = "<group>";
		};
		84A7CDD727820FCE008A1A21 /* Storyboards */ = {
			isa = PBXGroup;
			children = (
				84A7CDC827820F94008A1A21 /* Main.storyboard */,
				84A7CDCD27820F97008A1A21 /* LaunchScreen.storyboard */,
			);
			path = Storyboards;
			sourceTree = "<group>";
		};
		84A7CDD827821057008A1A21 /* Controllers */ = {
			isa = PBXGroup;
			children = (
				84A7CDC627820F94008A1A21 /* ConversationsViewController.swift */,
				84A7CDE62782191C008A1A21 /* Login */,
				84A7CDDE27821442008A1A21 /* PhotoViewerViewController.swift */,
				84A7CDE02782144F008A1A21 /* VideoPlayerViewController.swift */,
				84A7CDE227821473008A1A21 /* NewConversationViewController.swift */,
				84A7CDE42782147F008A1A21 /* ProfileViewController.swift */,
				8400ECBD278DDB6D000C2ABE /* ChatViewController.swift */,
			);
			path = Controllers;
			sourceTree = "<group>";
		};
		84A7CDD927821083008A1A21 /* Resources */ = {
			isa = PBXGroup;
			children = (
				8400ECBF278F3A28000C2ABE /* StorageManager.swift */,
				8400ECB4278562B4000C2ABE /* Subclasses */,
				84A7CDC227820F94008A1A21 /* AppDelegate.swift */,
				84A7CDC427820F94008A1A21 /* SceneDelegate.swift */,
				8400ECB227840A4E000C2ABE /* Extentions.swift */,
				8400ECBB2788AA7E000C2ABE /* DatabaseManager.swift */,
			);
			path = Resources;
			sourceTree = "<group>";
		};
		84A7CDE62782191C008A1A21 /* Login */ = {
			isa = PBXGroup;
			children = (
				84A7CDDA2782140F008A1A21 /* LoginViewController.swift */,
				84A7CDDC27821428008A1A21 /* RegisterViewController.swift */,
			);
			path = Login;
			sourceTree = "<group>";
		};
		B83949E47109EE5969ACB135 /* Frameworks */ = {
			isa = PBXGroup;
			children = (
				454B7696F40EDB584CCE9508 /* Pods_Messanger.framework */,
			);
			name = Frameworks;
			sourceTree = "<group>";
		};
		BB17538A3F28937C7530CBD0 /* Pods */ = {
			isa = PBXGroup;
			children = (
				6F3F6E3C32442510C38237AD /* Pods-Messanger.debug.xcconfig */,
				81E095BB67541F8D43755979 /* Pods-Messanger.release.xcconfig */,
			);
			path = Pods;
			sourceTree = "<group>";
		};
/* End PBXGroup section */

/* Begin PBXNativeTarget section */
		84A7CDBE27820F94008A1A21 /* Messanger */ = {
			isa = PBXNativeTarget;
			buildConfigurationList = 84A7CDD327820F97008A1A21 /* Build configuration list for PBXNativeTarget "Messanger" */;
			buildPhases = (
				7BFBC78ACD53F02D3FB507DF /* [CP] Check Pods Manifest.lock */,
				84A7CDBB27820F94008A1A21 /* Sources */,
				84A7CDBC27820F94008A1A21 /* Frameworks */,
				84A7CDBD27820F94008A1A21 /* Resources */,
				5E0B2CD6F12D0CCC40CFCF8C /* [CP] Embed Pods Frameworks */,
			);
			buildRules = (
			);
			dependencies = (
			);
			name = Messanger;
			productName = Messanger;
			productReference = 84A7CDBF27820F94008A1A21 /* Messanger.app */;
			productType = "com.apple.product-type.application";
		};
/* End PBXNativeTarget section */

/* Begin PBXProject section */
		84A7CDB727820F94008A1A21 /* Project object */ = {
			isa = PBXProject;
			attributes = {
				BuildIndependentTargetsInParallel = 1;
				LastSwiftUpdateCheck = 1310;
				LastUpgradeCheck = 1310;
				TargetAttributes = {
					84A7CDBE27820F94008A1A21 = {
						CreatedOnToolsVersion = 13.1;
					};
				};
			};
			buildConfigurationList = 84A7CDBA27820F94008A1A21 /* Build configuration list for PBXProject "Messanger" */;
			compatibilityVersion = "Xcode 13.0";
			developmentRegion = en;
			hasScannedForEncodings = 0;
			knownRegions = (
				en,
				Base,
			);
			mainGroup = 84A7CDB627820F94008A1A21;
			productRefGroup = 84A7CDC027820F94008A1A21 /* Products */;
			projectDirPath = "";
			projectRoot = "";
			targets = (
				84A7CDBE27820F94008A1A21 /* Messanger */,
			);
		};
/* End PBXProject section */

/* Begin PBXResourcesBuildPhase section */
		84A7CDBD27820F94008A1A21 /* Resources */ = {
			isa = PBXResourcesBuildPhase;
			buildActionMask = 2147483647;
			files = (
				84A7CDCF27820F97008A1A21 /* LaunchScreen.storyboard in Resources */,
				8400ECBA2787B3A4000C2ABE /* GoogleService-Info.plist in Resources */,
				84A7CDCC27820F97008A1A21 /* Assets.xcassets in Resources */,
				84A7CDCA27820F94008A1A21 /* Main.storyboard in Resources */,
			);
			runOnlyForDeploymentPostprocessing = 0;
		};
/* End PBXResourcesBuildPhase section */

/* Begin PBXShellScriptBuildPhase section */
		5E0B2CD6F12D0CCC40CFCF8C /* [CP] Embed Pods Frameworks */ = {
			isa = PBXShellScriptBuildPhase;
			buildActionMask = 2147483647;
			files = (
			);
			inputFileListPaths = (
				"${PODS_ROOT}/Target Support Files/Pods-Messanger/Pods-Messanger-frameworks-${CONFIGURATION}-input-files.xcfilelist",
			);
			name = "[CP] Embed Pods Frameworks";
			outputFileListPaths = (
				"${PODS_ROOT}/Target Support Files/Pods-Messanger/Pods-Messanger-frameworks-${CONFIGURATION}-output-files.xcfilelist",
			);
			runOnlyForDeploymentPostprocessing = 0;
			shellPath = /bin/sh;
			shellScript = "\"${PODS_ROOT}/Target Support Files/Pods-Messanger/Pods-Messanger-frameworks.sh\"\n";
			showEnvVarsInLog = 0;
		};
		7BFBC78ACD53F02D3FB507DF /* [CP] Check Pods Manifest.lock */ = {
			isa = PBXShellScriptBuildPhase;
			buildActionMask = 2147483647;
			files = (
			);
			inputFileListPaths = (
			);
			inputPaths = (
				"${PODS_PODFILE_DIR_PATH}/Podfile.lock",
				"${PODS_ROOT}/Manifest.lock",
			);
			name = "[CP] Check Pods Manifest.lock";
			outputFileListPaths = (
			);
			outputPaths = (
				"$(DERIVED_FILE_DIR)/Pods-Messanger-checkManifestLockResult.txt",
			);
			runOnlyForDeploymentPostprocessing = 0;
			shellPath = /bin/sh;
			shellScript = "diff \"${PODS_PODFILE_DIR_PATH}/Podfile.lock\" \"${PODS_ROOT}/Manifest.lock\" > /dev/null\nif [ $? != 0 ] ; then\n    # print error to STDERR\n    echo \"error: The sandbox is not in sync with the Podfile.lock. Run 'pod install' or update your CocoaPods installation.\" >&2\n    exit 1\nfi\n# This output is used by Xcode 'outputs' to avoid re-running this script phase.\necho \"SUCCESS\" > \"${SCRIPT_OUTPUT_FILE_0}\"\n";
			showEnvVarsInLog = 0;
		};
/* End PBXShellScriptBuildPhase section */

/* Begin PBXSourcesBuildPhase section */
		84A7CDBB27820F94008A1A21 /* Sources */ = {
			isa = PBXSourcesBuildPhase;
			buildActionMask = 2147483647;
			files = (
				84A7CDDB2782140F008A1A21 /* LoginViewController.swift in Sources */,
				84A7CDDD27821428008A1A21 /* RegisterViewController.swift in Sources */,
				8400ECB8278741FD000C2ABE /* TextFieldCustom.swift in Sources */,
				8400ECC0278F3A28000C2ABE /* StorageManager.swift in Sources */,
				8400ECB327840A4E000C2ABE /* Extentions.swift in Sources */,
				84A7CDE327821473008A1A21 /* NewConversationViewController.swift in Sources */,
				84A7CDC727820F94008A1A21 /* ConversationsViewController.swift in Sources */,
				84A7CDE12782144F008A1A21 /* VideoPlayerViewController.swift in Sources */,
				84A7CDC327820F94008A1A21 /* AppDelegate.swift in Sources */,
				8400ECBC2788AA7E000C2ABE /* DatabaseManager.swift in Sources */,
				8400ECBE278DDB6D000C2ABE /* ChatViewController.swift in Sources */,
				84A7CDE52782147F008A1A21 /* ProfileViewController.swift in Sources */,
				84A7CDC527820F94008A1A21 /* SceneDelegate.swift in Sources */,
				84A7CDDF27821442008A1A21 /* PhotoViewerViewController.swift in Sources */,
			);
			runOnlyForDeploymentPostprocessing = 0;
		};
/* End PBXSourcesBuildPhase section */

/* Begin PBXVariantGroup section */
		84A7CDC827820F94008A1A21 /* Main.storyboard */ = {
			isa = PBXVariantGroup;
			children = (
				84A7CDC927820F94008A1A21 /* Base */,
			);
			name = Main.storyboard;
			sourceTree = "<group>";
		};
		84A7CDCD27820F97008A1A21 /* LaunchScreen.storyboard */ = {
			isa = PBXVariantGroup;
			children = (
				84A7CDCE27820F97008A1A21 /* Base */,
			);
			name = LaunchScreen.storyboard;
			sourceTree = "<group>";
		};
/* End PBXVariantGroup section */

/* Begin XCBuildConfiguration section */
		84A7CDD127820F97008A1A21 /* Debug */ = {
			isa = XCBuildConfiguration;
			buildSettings = {
				ALWAYS_SEARCH_USER_PATHS = NO;
				CLANG_ANALYZER_NONNULL = YES;
				CLANG_ANALYZER_NUMBER_OBJECT_CONVERSION = YES_AGGRESSIVE;
				CLANG_CXX_LANGUAGE_STANDARD = "gnu++17";
				CLANG_CXX_LIBRARY = "libc++";
				CLANG_ENABLE_MODULES = YES;
				CLANG_ENABLE_OBJC_ARC = YES;
				CLANG_ENABLE_OBJC_WEAK = YES;
				CLANG_WARN_BLOCK_CAPTURE_AUTORELEASING = YES;
				CLANG_WARN_BOOL_CONVERSION = YES;
				CLANG_WARN_COMMA = YES;
				CLANG_WARN_CONSTANT_CONVERSION = YES;
				CLANG_WARN_DEPRECATED_OBJC_IMPLEMENTATIONS = YES;
				CLANG_WARN_DIRECT_OBJC_ISA_USAGE = YES_ERROR;
				CLANG_WARN_DOCUMENTATION_COMMENTS = YES;
				CLANG_WARN_EMPTY_BODY = YES;
				CLANG_WARN_ENUM_CONVERSION = YES;
				CLANG_WARN_INFINITE_RECURSION = YES;
				CLANG_WARN_INT_CONVERSION = YES;
				CLANG_WARN_NON_LITERAL_NULL_CONVERSION = YES;
				CLANG_WARN_OBJC_IMPLICIT_RETAIN_SELF = YES;
				CLANG_WARN_OBJC_LITERAL_CONVERSION = YES;
				CLANG_WARN_OBJC_ROOT_CLASS = YES_ERROR;
				CLANG_WARN_QUOTED_INCLUDE_IN_FRAMEWORK_HEADER = YES;
				CLANG_WARN_RANGE_LOOP_ANALYSIS = YES;
				CLANG_WARN_STRICT_PROTOTYPES = YES;
				CLANG_WARN_SUSPICIOUS_MOVE = YES;
				CLANG_WARN_UNGUARDED_AVAILABILITY = YES_AGGRESSIVE;
				CLANG_WARN_UNREACHABLE_CODE = YES;
				CLANG_WARN__DUPLICATE_METHOD_MATCH = YES;
				COPY_PHASE_STRIP = NO;
				DEBUG_INFORMATION_FORMAT = dwarf;
				ENABLE_STRICT_OBJC_MSGSEND = YES;
				ENABLE_TESTABILITY = YES;
				GCC_C_LANGUAGE_STANDARD = gnu11;
				GCC_DYNAMIC_NO_PIC = NO;
				GCC_NO_COMMON_BLOCKS = YES;
				GCC_OPTIMIZATION_LEVEL = 0;
				GCC_PREPROCESSOR_DEFINITIONS = (
					"DEBUG=1",
					"$(inherited)",
				);
				GCC_WARN_64_TO_32_BIT_CONVERSION = YES;
				GCC_WARN_ABOUT_RETURN_TYPE = YES_ERROR;
				GCC_WARN_UNDECLARED_SELECTOR = YES;
				GCC_WARN_UNINITIALIZED_AUTOS = YES_AGGRESSIVE;
				GCC_WARN_UNUSED_FUNCTION = YES;
				GCC_WARN_UNUSED_VARIABLE = YES;
				IPHONEOS_DEPLOYMENT_TARGET = 15.0;
				MTL_ENABLE_DEBUG_INFO = INCLUDE_SOURCE;
				MTL_FAST_MATH = YES;
				ONLY_ACTIVE_ARCH = YES;
				SDKROOT = iphoneos;
				SWIFT_ACTIVE_COMPILATION_CONDITIONS = DEBUG;
				SWIFT_OPTIMIZATION_LEVEL = "-Onone";
			};
			name = Debug;
		};
		84A7CDD227820F97008A1A21 /* Release */ = {
			isa = XCBuildConfiguration;
			buildSettings = {
				ALWAYS_SEARCH_USER_PATHS = NO;
				CLANG_ANALYZER_NONNULL = YES;
				CLANG_ANALYZER_NUMBER_OBJECT_CONVERSION = YES_AGGRESSIVE;
				CLANG_CXX_LANGUAGE_STANDARD = "gnu++17";
				CLANG_CXX_LIBRARY = "libc++";
				CLANG_ENABLE_MODULES = YES;
				CLANG_ENABLE_OBJC_ARC = YES;
				CLANG_ENABLE_OBJC_WEAK = YES;
				CLANG_WARN_BLOCK_CAPTURE_AUTORELEASING = YES;
				CLANG_WARN_BOOL_CONVERSION = YES;
				CLANG_WARN_COMMA = YES;
				CLANG_WARN_CONSTANT_CONVERSION = YES;
				CLANG_WARN_DEPRECATED_OBJC_IMPLEMENTATIONS = YES;
				CLANG_WARN_DIRECT_OBJC_ISA_USAGE = YES_ERROR;
				CLANG_WARN_DOCUMENTATION_COMMENTS = YES;
				CLANG_WARN_EMPTY_BODY = YES;
				CLANG_WARN_ENUM_CONVERSION = YES;
				CLANG_WARN_INFINITE_RECURSION = YES;
				CLANG_WARN_INT_CONVERSION = YES;
				CLANG_WARN_NON_LITERAL_NULL_CONVERSION = YES;
				CLANG_WARN_OBJC_IMPLICIT_RETAIN_SELF = YES;
				CLANG_WARN_OBJC_LITERAL_CONVERSION = YES;
				CLANG_WARN_OBJC_ROOT_CLASS = YES_ERROR;
				CLANG_WARN_QUOTED_INCLUDE_IN_FRAMEWORK_HEADER = YES;
				CLANG_WARN_RANGE_LOOP_ANALYSIS = YES;
				CLANG_WARN_STRICT_PROTOTYPES = YES;
				CLANG_WARN_SUSPICIOUS_MOVE = YES;
				CLANG_WARN_UNGUARDED_AVAILABILITY = YES_AGGRESSIVE;
				CLANG_WARN_UNREACHABLE_CODE = YES;
				CLANG_WARN__DUPLICATE_METHOD_MATCH = YES;
				COPY_PHASE_STRIP = NO;
				DEBUG_INFORMATION_FORMAT = "dwarf-with-dsym";
				ENABLE_NS_ASSERTIONS = NO;
				ENABLE_STRICT_OBJC_MSGSEND = YES;
				GCC_C_LANGUAGE_STANDARD = gnu11;
				GCC_NO_COMMON_BLOCKS = YES;
				GCC_WARN_64_TO_32_BIT_CONVERSION = YES;
				GCC_WARN_ABOUT_RETURN_TYPE = YES_ERROR;
				GCC_WARN_UNDECLARED_SELECTOR = YES;
				GCC_WARN_UNINITIALIZED_AUTOS = YES_AGGRESSIVE;
				GCC_WARN_UNUSED_FUNCTION = YES;
				GCC_WARN_UNUSED_VARIABLE = YES;
				IPHONEOS_DEPLOYMENT_TARGET = 15.0;
				MTL_ENABLE_DEBUG_INFO = NO;
				MTL_FAST_MATH = YES;
				SDKROOT = iphoneos;
				SWIFT_COMPILATION_MODE = wholemodule;
				SWIFT_OPTIMIZATION_LEVEL = "-O";
				VALIDATE_PRODUCT = YES;
			};
			name = Release;
		};
		84A7CDD427820F97008A1A21 /* Debug */ = {
			isa = XCBuildConfiguration;
			baseConfigurationReference = 6F3F6E3C32442510C38237AD /* Pods-Messanger.debug.xcconfig */;
			buildSettings = {
				ASSETCATALOG_COMPILER_APPICON_NAME = AppIcon;
				ASSETCATALOG_COMPILER_GLOBAL_ACCENT_COLOR_NAME = AccentColor;
				CODE_SIGN_STYLE = Automatic;
				CURRENT_PROJECT_VERSION = 1;
				GENERATE_INFOPLIST_FILE = YES;
				INFOPLIST_FILE = Messanger/Info.plist;
				INFOPLIST_KEY_NSCameraUsageDescription = "Please allow access to take a profile picture";
				INFOPLIST_KEY_NSPhotoLibraryAddUsageDescription = "Please allow access to select a photo for your profile";
				INFOPLIST_KEY_UIApplicationSupportsIndirectInputEvents = YES;
				INFOPLIST_KEY_UILaunchStoryboardName = LaunchScreen;
				INFOPLIST_KEY_UIMainStoryboardFile = Main;
				INFOPLIST_KEY_UISupportedInterfaceOrientations_iPad = "UIInterfaceOrientationPortrait UIInterfaceOrientationPortraitUpsideDown UIInterfaceOrientationLandscapeLeft UIInterfaceOrientationLandscapeRight";
				INFOPLIST_KEY_UISupportedInterfaceOrientations_iPhone = UIInterfaceOrientationPortrait;
				IPHONEOS_DEPLOYMENT_TARGET = 15.0;
				LD_RUNPATH_SEARCH_PATHS = (
					"$(inherited)",
					"@executable_path/Frameworks",
				);
				MARKETING_VERSION = 1.0;
				PRODUCT_BUNDLE_IDENTIFIER = learn.Messanger;
				PRODUCT_NAME = "$(TARGET_NAME)";
				SWIFT_EMIT_LOC_STRINGS = YES;
				SWIFT_VERSION = 5.0;
				TARGETED_DEVICE_FAMILY = "1,2";
			};
			name = Debug;
		};
		84A7CDD527820F97008A1A21 /* Release */ = {
			isa = XCBuildConfiguration;
			baseConfigurationReference = 81E095BB67541F8D43755979 /* Pods-Messanger.release.xcconfig */;
			buildSettings = {
				ASSETCATALOG_COMPILER_APPICON_NAME = AppIcon;
				ASSETCATALOG_COMPILER_GLOBAL_ACCENT_COLOR_NAME = AccentColor;
				CODE_SIGN_STYLE = Automatic;
				CURRENT_PROJECT_VERSION = 1;
				GENERATE_INFOPLIST_FILE = YES;
				INFOPLIST_FILE = Messanger/Info.plist;
				INFOPLIST_KEY_NSCameraUsageDescription = "Please allow access to take a profile picture";
				INFOPLIST_KEY_NSPhotoLibraryAddUsageDescription = "Please allow access to select a photo for your profile";
				INFOPLIST_KEY_UIApplicationSupportsIndirectInputEvents = YES;
				INFOPLIST_KEY_UILaunchStoryboardName = LaunchScreen;
				INFOPLIST_KEY_UIMainStoryboardFile = Main;
				INFOPLIST_KEY_UISupportedInterfaceOrientations_iPad = "UIInterfaceOrientationPortrait UIInterfaceOrientationPortraitUpsideDown UIInterfaceOrientationLandscapeLeft UIInterfaceOrientationLandscapeRight";
				INFOPLIST_KEY_UISupportedInterfaceOrientations_iPhone = UIInterfaceOrientationPortrait;
				IPHONEOS_DEPLOYMENT_TARGET = 15.0;
				LD_RUNPATH_SEARCH_PATHS = (
					"$(inherited)",
					"@executable_path/Frameworks",
				);
				MARKETING_VERSION = 1.0;
				PRODUCT_BUNDLE_IDENTIFIER = learn.Messanger;
				PRODUCT_NAME = "$(TARGET_NAME)";
				SWIFT_EMIT_LOC_STRINGS = YES;
				SWIFT_VERSION = 5.0;
				TARGETED_DEVICE_FAMILY = "1,2";
			};
			name = Release;
		};
/* End XCBuildConfiguration section */

/* Begin XCConfigurationList section */
		84A7CDBA27820F94008A1A21 /* Build configuration list for PBXProject "Messanger" */ = {
			isa = XCConfigurationList;
			buildConfigurations = (
				84A7CDD127820F97008A1A21 /* Debug */,
				84A7CDD227820F97008A1A21 /* Release */,
			);
			defaultConfigurationIsVisible = 0;
			defaultConfigurationName = Release;
		};
		84A7CDD327820F97008A1A21 /* Build configuration list for PBXNativeTarget "Messanger" */ = {
			isa = XCConfigurationList;
			buildConfigurations = (
				84A7CDD427820F97008A1A21 /* Debug */,
				84A7CDD527820F97008A1A21 /* Release */,
			);
			defaultConfigurationIsVisible = 0;
			defaultConfigurationName = Release;
		};
/* End XCConfigurationList section */
	};
	rootObject = 84A7CDB727820F94008A1A21 /* Project object */;
}
